// !$*UTF8*$!
{
	archiveVersion = 1;
	classes = {
	};
	objectVersion = 46;
	objects = {

/* Begin PBXFileReference section */
		C275D43E1AFCFC2A00F864CC /* config.xml */ = {isa = PBXFileReference; lastKnownFileType = text.xml; path = config.xml; sourceTree = "<group>"; };
		C275D43F1AFCFC2A00F864CC /* hooks */ = {isa = PBXFileReference; lastKnownFileType = folder; path = hooks; sourceTree = "<group>"; };
		C275D4401AFCFC2A00F864CC /* platforms */ = {isa = PBXFileReference; lastKnownFileType = folder; path = platforms; sourceTree = "<group>"; };
		C275D4411AFCFC2A00F864CC /* plugins */ = {isa = PBXFileReference; lastKnownFileType = folder; path = plugins; sourceTree = "<group>"; };
		C275D4421AFCFC2A00F864CC /* www */ = {isa = PBXFileReference; lastKnownFileType = folder; path = www; sourceTree = "<group>"; };
/* End PBXFileReference section */

/* Begin PBXGroup section */
		C20C66051AFCFBB900C39ECD = {
			isa = PBXGroup;
			children = (
				C275D43E1AFCFC2A00F864CC /* config.xml */,
				C275D43F1AFCFC2A00F864CC /* hooks */,
				C275D4401AFCFC2A00F864CC /* platforms */,
				C275D4411AFCFC2A00F864CC /* plugins */,
				C275D4421AFCFC2A00F864CC /* www */,
			);
			sourceTree = "<group>";
		};
/* End PBXGroup section */

/* Begin PBXProject section */
		C20C66061AFCFBB900C39ECD /* Project object */ = {
			isa = PBXProject;
			attributes = {
				LastUpgradeCheck = 0630;
			};
			buildConfigurationList = C20C66091AFCFBB900C39ECD /* Build configuration list for PBXProject "Restaurant App Project" */;
			compatibilityVersion = "Xcode 3.2";
			developmentRegion = English;
			hasScannedForEncodings = 0;
			knownRegions = (
				en,
			);
			mainGroup = C20C66051AFCFBB900C39ECD;
			projectDirPath = "";
			projectRoot = "";
			targets = (
			);
		};
/* End PBXProject section */

/* Begin XCBuildConfiguration section */
		C20C660A1AFCFBB900C39ECD /* Debug */ = {
			isa = XCBuildConfiguration;
			buildSettings = {
			};
			name = Debug;
		};
		C20C660B1AFCFBB900C39ECD /* Release */ = {
			isa = XCBuildConfiguration;
			buildSettings = {
			};
			name = Release;
		};
/* End XCBuildConfiguration section */

/* Begin XCConfigurationList section */
		C20C66091AFCFBB900C39ECD /* Build configuration list for PBXProject "Restaurant App Project" */ = {
			isa = XCConfigurationList;
			buildConfigurations = (
				C20C660A1AFCFBB900C39ECD /* Debug */,
				C20C660B1AFCFBB900C39ECD /* Release */,
			);
			defaultConfigurationIsVisible = 0;
			defaultConfigurationName = Release;
		};
/* End XCConfigurationList section */
	};
	rootObject = C20C66061AFCFBB900C39ECD /* Project object */;
}
